
Microsoft Visual Studio Solution File, Format Version 12.00
# Visual Studio Version 17
VisualStudioVersion = 17.8.34322.80
MinimumVisualStudioVersion = 10.0.40219.1
Project("{9A19103F-16F7-4668-BE54-9A1E7A4F7556}") = "Code fisrt 2", "API2\Code fisrt 2.csproj", "{CCEED8D1-96DF-4372-A8BE-4ED76E702DF3}"
EndProject
Global
	GlobalSection(SolutionConfigurationPlatforms) = preSolution
		Debug|Any CPU = Debug|Any CPU
		Release|Any CPU = Release|Any CPU
	EndGlobalSection
	GlobalSection(ProjectConfigurationPlatforms) = postSolution
		{CCEED8D1-96DF-4372-A8BE-4ED76E702DF3}.Debug|Any CPU.ActiveCfg = Debug|Any CPU
		{CCEED8D1-96DF-4372-A8BE-4ED76E702DF3}.Debug|Any CPU.Build.0 = Debug|Any CPU
		{CCEED8D1-96DF-4372-A8BE-4ED76E702DF3}.Release|Any CPU.ActiveCfg = Release|Any CPU
		{CCEED8D1-96DF-4372-A8BE-4ED76E702DF3}.Release|Any CPU.Build.0 = Release|Any CPU
	EndGlobalSection
	GlobalSection(SolutionProperties) = preSolution
		HideSolutionNode = FALSE
	EndGlobalSection
	GlobalSection(ExtensibilityGlobals) = postSolution
		SolutionGuid = {17B618C2-2C98-4983-A138-DFD6C46B7088}
	EndGlobalSection
EndGlobal
